{
  "version": 4,
  "terraform_version": "1.6.2",
  "serial": 40,
  "lineage": "6fe57d63-a355-8e61-0e31-b6bc298261bb",
  "outputs": {
    "k8s_network_id": {
      "value": "616029ab-b343-45c5-8232-e6815dff99f6",
      "type": "string"
    },
    "k8s_router_id": {
      "value": "32086953-7d16-418b-9186-1e88a6bbaf78",
      "type": "string"
    },
    "k8s_subnet_id": {
      "value": "e54371e0-0d5e-4624-a4d7-7c3a66c1f54a",
      "type": "string"
    },
    "master_floating_ip": {
      "value": "10.20.20.183",
      "type": "string"
    },
    "master_private_ip": {
      "value": "192.168.100.20",
      "type": "string"
    },
    "security_group_id": {
      "value": "1a3649ab-3674-49ba-8016-5fb273087f77",
      "type": "string"
    },
    "ssh_master": {
      "value": "ssh -i ~/cloud-project/mykey ubuntu@10.20.20.183",
      "type": "string"
    },
    "ssh_workers": {
      "value": [
        "ssh -i ~/cloud-project/mykey ubuntu@10.20.20.88",
        "ssh -i ~/cloud-project/mykey ubuntu@10.20.20.17"
      ],
      "type": [
        "tuple",
        [
          "string",
          "string"
        ]
      ]
    },
    "worker_floating_ips": {
      "value": [
        "10.20.20.88",
        "10.20.20.17"
      ],
      "type": [
        "tuple",
        [
          "string",
          "string"
        ]
      ]
    },
    "worker_private_ips": {
      "value": [
        "192.168.100.11",
        "192.168.100.12"
      ],
      "type": [
        "list",
        "string"
      ]
    }
  },
  "resources": [
    {
      "mode": "data",
      "type": "openstack_images_image_v2",
      "name": "ubuntu",
      "provider": "provider[\"registry.terraform.io/terraform-provider-openstack/openstack\"]",
      "instances": [
        {
          "schema_version": 0,
          "attributes": {
            "checksum": "feae9da27c50da7f45bfcca6b1f8aae0",
            "container_format": "bare",
            "created_at": "2026-02-22T13:30:49Z",
            "disk_format": "qcow2",
            "file": "/v2/images/9462172d-ed97-490f-9f06-57ba1084ecee/file",
            "hidden": false,
            "id": "9462172d-ed97-490f-9f06-57ba1084ecee",
            "member_status": null,
            "metadata": {},
            "min_disk_gb": 0,
            "min_ram_mb": 0,
            "most_recent": true,
            "name": "Ubuntu-22.04",
            "name_regex": null,
            "owner": "f5dd211592d1436fb7e0a9fe58e5c8e4",
            "properties": {
              "os_hash_algo": "sha512",
              "os_hash_value": "bdbfbec178ed26e088e095b72445cdd5a896dcc9e5c0f00862698aec4fa29c3c37e3d2392597043f5ed23c9bca346744bea3065979d88130a37bf27562891f3c",
              "owner_specified.openstack.md5": "feae9da27c50da7f45bfcca6b1f8aae0",
              "owner_specified.openstack.object": "images/Ubuntu-22.04",
              "owner_specified.openstack.sha256": "f5d311aad28742200fabb183a8af42292ad4f22c941a4371b736c82089bf67ee"
            },
            "protected": false,
            "region": "microstack",
            "schema": "/v2/schemas/image",
            "size_bytes": 688868864,
            "size_max": null,
            "size_min": null,
            "sort_direction": "asc",
            "sort_key": "name",
            "tag": null,
            "tags": [],
            "updated_at": "2026-02-22T13:31:03Z",
            "visibility": "public"
          },
          "sensitive_attributes": []
        }
      ]
    },
    {
      "mode": "data",
      "type": "openstack_networking_network_v2",
      "name": "external",
      "provider": "provider[\"registry.terraform.io/terraform-provider-openstack/openstack\"]",
      "instances": [
        {
          "schema_version": 0,
          "attributes": {
            "admin_state_up": "true",
            "all_tags": [],
            "availability_zone_hints": [],
            "description": "",
            "dns_domain": "",
            "external": true,
            "id": "cde1867d-7b04-4546-8361-44dc21a5e53d",
            "matching_subnet_cidr": null,
            "mtu": 1500,
            "name": "external",
            "network_id": null,
            "region": "microstack",
            "segments": [
              {
                "network_type": "flat",
                "physical_network": "physnet1",
                "segmentation_id": 0
              }
            ],
            "shared": "false",
            "status": null,
            "subnets": [
              "45bec0b6-4cfe-4254-b8b3-7b5d5f025597"
            ],
            "tags": null,
            "tenant_id": "f5dd211592d1436fb7e0a9fe58e5c8e4",
            "transparent_vlan": false
          },
          "sensitive_attributes": []
        }
      ]
    },
    {
      "mode": "managed",
      "type": "openstack_compute_keypair_v2",
      "name": "k8s",
      "provider": "provider[\"registry.terraform.io/terraform-provider-openstack/openstack\"]",
      "instances": [
        {
          "schema_version": 0,
          "attributes": {
            "fingerprint": "ae:50:d3:d3:1a:28:e7:8e:fd:f7:ae:da:44:49:97:8b",
            "id": "k8s-keypair",
            "name": "k8s-keypair",
            "private_key": "",
            "public_key": "ssh-rsa AAAAB3NzaC1yc2EAAAADAQABAAACAQDTp5shqKELavkH8RKSQ5gfWZifI3h7eEmWDvgP8c2ic8cqT6zOmSgb18Rhpt6A4jah39a3UqeBa9IBFq2tZC3ZilLUsUdv/rq1r4PePGxLyAU4NFK2PKBx8O+QBHvRfl8pH/R76+yqREWOnKUKIJgGa7tKt3yXzeyJ3gRV6h/MheJyCy3xitYQnAZFCqGvonOpvaYgJC1Im5MG0XEOwqL+gDmMKxuu9hnmSCTkZNa6cIUnlD1wxJnzpkJLazG/FwoqqAtyz6WhtXp7pQJz/xui/+dSCWPejbY4PqkhGNTls2f7I0PTjhBiPAVwsXzcyYwqXFdy+iLXQEeCg93EbmM4YOik/E6feDrJhD2+lMLo5TWvf9FuCBuCS50f9Iz1H5HOhh2FMVYmRGeilC38oHcitVjXF976ZdLuTBwMq31iZZfMga1JlNanjqv6h8MgNg+puCTZNUhJTkq2YoDNAnXYMk4keoCnkzTc/PRCdoS0LrFDweRhIvO1Hn3XJXVUely9CF7TQ/+rPiDPa+DZ+5Os4dB42xHFBUPybEyWZNbqOmuebrd/SPh2f7kjmZxRJkxuKoxoj9uHwqZfD9driAztQYR94ByVJ+I0DEuDnTiLroPWertGJlZirklVoa4MTzh6DjO1RPpBg3xWUxg3DGcXTg3lCLe4+N4C+iW97b9aBw== admin@openstack\n",
            "region": "microstack",
            "user_id": "",
            "value_specs": null
          },
          "sensitive_attributes": [],
          "private": "bnVsbA=="
        }
      ]
    },
    {
      "mode": "managed",
      "type": "openstack_networking_floatingip_v2",
      "name": "master",
      "provider": "provider[\"registry.terraform.io/terraform-provider-openstack/openstack\"]",
      "instances": [
        {
          "schema_version": 0,
          "attributes": {
            "address": "10.20.20.183",
            "all_tags": [],
            "description": "",
            "dns_domain": "",
            "dns_name": "",
            "fixed_ip": "",
            "id": "6af6824c-cc9a-4285-b08d-bfdcefcb9fee",
            "pool": "external",
            "port_id": "",
            "region": "microstack",
            "subnet_id": null,
            "subnet_ids": null,
            "tags": [],
            "tenant_id": "f5dd211592d1436fb7e0a9fe58e5c8e4",
            "timeouts": null,
            "value_specs": null
          },
          "sensitive_attributes": [],
          "private": "eyJlMmJmYjczMC1lY2FhLTExZTYtOGY4OC0zNDM2M2JjN2M0YzAiOnsiY3JlYXRlIjo2MDAwMDAwMDAwMDAsImRlbGV0ZSI6NjAwMDAwMDAwMDAwfX0="
        }
      ]
    },
    {
      "mode": "managed",
      "type": "openstack_networking_floatingip_v2",
      "name": "worker",
      "provider": "provider[\"registry.terraform.io/terraform-provider-openstack/openstack\"]",
      "instances": [
        {
          "index_key": 0,
          "schema_version": 0,
          "attributes": {
            "address": "10.20.20.88",
            "all_tags": [],
            "description": "",
            "dns_domain": "",
            "dns_name": "",
            "fixed_ip": "",
            "id": "a5d1df1c-2823-44fb-8ced-f6cb5f2c7669",
            "pool": "external",
            "port_id": "",
            "region": "microstack",
            "subnet_id": null,
            "subnet_ids": null,
            "tags": [],
            "tenant_id": "f5dd211592d1436fb7e0a9fe58e5c8e4",
            "timeouts": null,
            "value_specs": null
          },
          "sensitive_attributes": [],
          "private": "eyJlMmJmYjczMC1lY2FhLTExZTYtOGY4OC0zNDM2M2JjN2M0YzAiOnsiY3JlYXRlIjo2MDAwMDAwMDAwMDAsImRlbGV0ZSI6NjAwMDAwMDAwMDAwfX0="
        },
        {
          "index_key": 1,
          "schema_version": 0,
          "attributes": {
            "address": "10.20.20.17",
            "all_tags": [],
            "description": "",
            "dns_domain": "",
            "dns_name": "",
            "fixed_ip": "",
            "id": "42fac8a3-59d2-4959-be9b-cbcd0085e52f",
            "pool": "external",
            "port_id": "",
            "region": "microstack",
            "subnet_id": null,
            "subnet_ids": null,
            "tags": [],
            "tenant_id": "f5dd211592d1436fb7e0a9fe58e5c8e4",
            "timeouts": null,
            "value_specs": null
          },
          "sensitive_attributes": [],
          "private": "eyJlMmJmYjczMC1lY2FhLTExZTYtOGY4OC0zNDM2M2JjN2M0YzAiOnsiY3JlYXRlIjo2MDAwMDAwMDAwMDAsImRlbGV0ZSI6NjAwMDAwMDAwMDAwfX0="
        }
      ]
    },
    {
      "mode": "managed",
      "type": "openstack_networking_network_v2",
      "name": "k8s",
      "provider": "provider[\"registry.terraform.io/terraform-provider-openstack/openstack\"]",
      "instances": [
        {
          "schema_version": 0,
          "attributes": {
            "admin_state_up": true,
            "all_tags": [],
            "availability_zone_hints": [],
            "description": "",
            "dns_domain": "",
            "external": false,
            "id": "616029ab-b343-45c5-8232-e6815dff99f6",
            "mtu": 1442,
            "name": "k8s-network",
            "port_security_enabled": true,
            "qos_policy_id": "",
            "region": "microstack",
            "segments": [
              {
                "network_type": "geneve",
                "physical_network": "",
                "segmentation_id": 52956
              }
            ],
            "shared": false,
            "tags": [],
            "tenant_id": "f5dd211592d1436fb7e0a9fe58e5c8e4",
            "timeouts": null,
            "transparent_vlan": false,
            "value_specs": null
          },
          "sensitive_attributes": [],
          "private": "eyJlMmJmYjczMC1lY2FhLTExZTYtOGY4OC0zNDM2M2JjN2M0YzAiOnsiY3JlYXRlIjo2MDAwMDAwMDAwMDAsImRlbGV0ZSI6NjAwMDAwMDAwMDAwfX0="
        }
      ]
    },
    {
      "mode": "managed",
      "type": "openstack_networking_router_interface_v2",
      "name": "k8s",
      "provider": "provider[\"registry.terraform.io/terraform-provider-openstack/openstack\"]",
      "instances": [
        {
          "schema_version": 0,
          "attributes": {
            "force_destroy": false,
            "id": "fa332ce9-8250-48a2-be5c-ffd1ab537df3",
            "port_id": "fa332ce9-8250-48a2-be5c-ffd1ab537df3",
            "region": "microstack",
            "router_id": "32086953-7d16-418b-9186-1e88a6bbaf78",
            "subnet_id": "e54371e0-0d5e-4624-a4d7-7c3a66c1f54a",
            "timeouts": null
          },
          "sensitive_attributes": [],
          "private": "eyJlMmJmYjczMC1lY2FhLTExZTYtOGY4OC0zNDM2M2JjN2M0YzAiOnsiY3JlYXRlIjo2MDAwMDAwMDAwMDAsImRlbGV0ZSI6NjAwMDAwMDAwMDAwfX0=",
          "dependencies": [
            "data.openstack_networking_network_v2.external",
            "openstack_networking_network_v2.k8s",
            "openstack_networking_router_v2.k8s",
            "openstack_networking_subnet_v2.k8s"
          ]
        }
      ]
    },
    {
      "mode": "managed",
      "type": "openstack_networking_router_v2",
      "name": "k8s",
      "provider": "provider[\"registry.terraform.io/terraform-provider-openstack/openstack\"]",
      "instances": [
        {
          "schema_version": 0,
          "attributes": {
            "admin_state_up": true,
            "all_tags": [],
            "availability_zone_hints": [],
            "description": "",
            "distributed": false,
            "enable_snat": true,
            "external_fixed_ip": [
              {
                "ip_address": "10.20.20.82",
                "subnet_id": "45bec0b6-4cfe-4254-b8b3-7b5d5f025597"
              }
            ],
            "external_gateway": "cde1867d-7b04-4546-8361-44dc21a5e53d",
            "external_network_id": "cde1867d-7b04-4546-8361-44dc21a5e53d",
            "external_subnet_ids": null,
            "id": "32086953-7d16-418b-9186-1e88a6bbaf78",
            "name": "k8s-router",
            "region": "microstack",
            "tags": [],
            "tenant_id": "f5dd211592d1436fb7e0a9fe58e5c8e4",
            "timeouts": null,
            "value_specs": null,
            "vendor_options": []
          },
          "sensitive_attributes": [],
          "private": "eyJlMmJmYjczMC1lY2FhLTExZTYtOGY4OC0zNDM2M2JjN2M0YzAiOnsiY3JlYXRlIjo2MDAwMDAwMDAwMDAsImRlbGV0ZSI6NjAwMDAwMDAwMDAwfX0=",
          "dependencies": [
            "data.openstack_networking_network_v2.external"
          ]
        }
      ]
    },
    {
      "mode": "managed",
      "type": "openstack_networking_secgroup_rule_v2",
      "name": "etcd",
      "provider": "provider[\"registry.terraform.io/terraform-provider-openstack/openstack\"]",
      "instances": [
        {
          "schema_version": 0,
          "attributes": {
            "description": "",
            "direction": "ingress",
            "ethertype": "IPv4",
            "id": "654f4cf0-7ba8-40e8-959c-f362ec43f590",
            "port_range_max": 2380,
            "port_range_min": 2379,
            "protocol": "tcp",
            "region": "microstack",
            "remote_group_id": "",
            "remote_ip_prefix": "192.168.100.0/24",
            "security_group_id": "1a3649ab-3674-49ba-8016-5fb273087f77",
            "tenant_id": "f5dd211592d1436fb7e0a9fe58e5c8e4",
            "timeouts": null
          },
          "sensitive_attributes": [],
          "private": "eyJlMmJmYjczMC1lY2FhLTExZTYtOGY4OC0zNDM2M2JjN2M0YzAiOnsiZGVsZXRlIjo2MDAwMDAwMDAwMDB9fQ==",
          "dependencies": [
            "openstack_networking_secgroup_v2.k8s"
          ]
        }
      ]
    },
    {
      "mode": "managed",
      "type": "openstack_networking_secgroup_rule_v2",
      "name": "flannel",
      "provider": "provider[\"registry.terraform.io/terraform-provider-openstack/openstack\"]",
      "instances": [
        {
          "schema_version": 0,
          "attributes": {
            "description": "",
            "direction": "ingress",
            "ethertype": "IPv4",
            "id": "241c32e1-a370-4383-9787-53d0e7035dff",
            "port_range_max": 8472,
            "port_range_min": 8472,
            "protocol": "udp",
            "region": "microstack",
            "remote_group_id": "",
            "remote_ip_prefix": "192.168.100.0/24",
            "security_group_id": "1a3649ab-3674-49ba-8016-5fb273087f77",
            "tenant_id": "f5dd211592d1436fb7e0a9fe58e5c8e4",
            "timeouts": null
          },
          "sensitive_attributes": [],
          "private": "eyJlMmJmYjczMC1lY2FhLTExZTYtOGY4OC0zNDM2M2JjN2M0YzAiOnsiZGVsZXRlIjo2MDAwMDAwMDAwMDB9fQ==",
          "dependencies": [
            "openstack_networking_secgroup_v2.k8s"
          ]
        }
      ]
    },
    {
      "mode": "managed",
      "type": "openstack_networking_secgroup_rule_v2",
      "name": "icmp",
      "provider": "provider[\"registry.terraform.io/terraform-provider-openstack/openstack\"]",
      "instances": [
        {
          "schema_version": 0,
          "attributes": {
            "description": "",
            "direction": "ingress",
            "ethertype": "IPv4",
            "id": "d75aec83-a70d-43bc-a7f7-2122ac684bb3",
            "port_range_max": 0,
            "port_range_min": 0,
            "protocol": "icmp",
            "region": "microstack",
            "remote_group_id": "",
            "remote_ip_prefix": "0.0.0.0/0",
            "security_group_id": "1a3649ab-3674-49ba-8016-5fb273087f77",
            "tenant_id": "f5dd211592d1436fb7e0a9fe58e5c8e4",
            "timeouts": null
          },
          "sensitive_attributes": [],
          "private": "eyJlMmJmYjczMC1lY2FhLTExZTYtOGY4OC0zNDM2M2JjN2M0YzAiOnsiZGVsZXRlIjo2MDAwMDAwMDAwMDB9fQ==",
          "dependencies": [
            "openstack_networking_secgroup_v2.k8s"
          ]
        }
      ]
    },
    {
      "mode": "managed",
      "type": "openstack_networking_secgroup_rule_v2",
      "name": "internal",
      "provider": "provider[\"registry.terraform.io/terraform-provider-openstack/openstack\"]",
      "instances": [
        {
          "schema_version": 0,
          "attributes": {
            "description": "",
            "direction": "ingress",
            "ethertype": "IPv4",
            "id": "e36de7ea-a522-432c-bb3c-fbbc0f07c9d7",
            "port_range_max": 0,
            "port_range_min": 0,
            "protocol": "",
            "region": "microstack",
            "remote_group_id": "",
            "remote_ip_prefix": "192.168.100.0/24",
            "security_group_id": "1a3649ab-3674-49ba-8016-5fb273087f77",
            "tenant_id": "f5dd211592d1436fb7e0a9fe58e5c8e4",
            "timeouts": null
          },
          "sensitive_attributes": [],
          "private": "eyJlMmJmYjczMC1lY2FhLTExZTYtOGY4OC0zNDM2M2JjN2M0YzAiOnsiZGVsZXRlIjo2MDAwMDAwMDAwMDB9fQ==",
          "dependencies": [
            "openstack_networking_secgroup_v2.k8s"
          ]
        }
      ]
    },
    {
      "mode": "managed",
      "type": "openstack_networking_secgroup_rule_v2",
      "name": "k8s_api",
      "provider": "provider[\"registry.terraform.io/terraform-provider-openstack/openstack\"]",
      "instances": [
        {
          "schema_version": 0,
          "attributes": {
            "description": "",
            "direction": "ingress",
            "ethertype": "IPv4",
            "id": "f74ae9ae-cbd7-45c2-b21d-f0f80675a3c5",
            "port_range_max": 6443,
            "port_range_min": 6443,
            "protocol": "tcp",
            "region": "microstack",
            "remote_group_id": "",
            "remote_ip_prefix": "0.0.0.0/0",
            "security_group_id": "1a3649ab-3674-49ba-8016-5fb273087f77",
            "tenant_id": "f5dd211592d1436fb7e0a9fe58e5c8e4",
            "timeouts": null
          },
          "sensitive_attributes": [],
          "private": "eyJlMmJmYjczMC1lY2FhLTExZTYtOGY4OC0zNDM2M2JjN2M0YzAiOnsiZGVsZXRlIjo2MDAwMDAwMDAwMDB9fQ==",
          "dependencies": [
            "openstack_networking_secgroup_v2.k8s"
          ]
        }
      ]
    },
    {
      "mode": "managed",
      "type": "openstack_networking_secgroup_rule_v2",
      "name": "kubelet",
      "provider": "provider[\"registry.terraform.io/terraform-provider-openstack/openstack\"]",
      "instances": [
        {
          "schema_version": 0,
          "attributes": {
            "description": "",
            "direction": "ingress",
            "ethertype": "IPv4",
            "id": "591bb4ce-031a-4535-9ebf-a234e4115ea4",
            "port_range_max": 10250,
            "port_range_min": 10250,
            "protocol": "tcp",
            "region": "microstack",
            "remote_group_id": "",
            "remote_ip_prefix": "192.168.100.0/24",
            "security_group_id": "1a3649ab-3674-49ba-8016-5fb273087f77",
            "tenant_id": "f5dd211592d1436fb7e0a9fe58e5c8e4",
            "timeouts": null
          },
          "sensitive_attributes": [],
          "private": "eyJlMmJmYjczMC1lY2FhLTExZTYtOGY4OC0zNDM2M2JjN2M0YzAiOnsiZGVsZXRlIjo2MDAwMDAwMDAwMDB9fQ==",
          "dependencies": [
            "openstack_networking_secgroup_v2.k8s"
          ]
        }
      ]
    },
    {
      "mode": "managed",
      "type": "openstack_networking_secgroup_rule_v2",
      "name": "nodeport",
      "provider": "provider[\"registry.terraform.io/terraform-provider-openstack/openstack\"]",
      "instances": [
        {
          "schema_version": 0,
          "attributes": {
            "description": "",
            "direction": "ingress",
            "ethertype": "IPv4",
            "id": "d44d9e19-c13b-44bd-9640-2b07a1136bef",
            "port_range_max": 32767,
            "port_range_min": 30000,
            "protocol": "tcp",
            "region": "microstack",
            "remote_group_id": "",
            "remote_ip_prefix": "0.0.0.0/0",
            "security_group_id": "1a3649ab-3674-49ba-8016-5fb273087f77",
            "tenant_id": "f5dd211592d1436fb7e0a9fe58e5c8e4",
            "timeouts": null
          },
          "sensitive_attributes": [],
          "private": "eyJlMmJmYjczMC1lY2FhLTExZTYtOGY4OC0zNDM2M2JjN2M0YzAiOnsiZGVsZXRlIjo2MDAwMDAwMDAwMDB9fQ==",
          "dependencies": [
            "openstack_networking_secgroup_v2.k8s"
          ]
        }
      ]
    },
    {
      "mode": "managed",
      "type": "openstack_networking_secgroup_rule_v2",
      "name": "ssh",
      "provider": "provider[\"registry.terraform.io/terraform-provider-openstack/openstack\"]",
      "instances": [
        {
          "schema_version": 0,
          "attributes": {
            "description": "",
            "direction": "ingress",
            "ethertype": "IPv4",
            "id": "3d90c1fa-2240-4524-9ae2-d4cb0d12776c",
            "port_range_max": 22,
            "port_range_min": 22,
            "protocol": "tcp",
            "region": "microstack",
            "remote_group_id": "",
            "remote_ip_prefix": "0.0.0.0/0",
            "security_group_id": "1a3649ab-3674-49ba-8016-5fb273087f77",
            "tenant_id": "f5dd211592d1436fb7e0a9fe58e5c8e4",
            "timeouts": null
          },
          "sensitive_attributes": [],
          "private": "eyJlMmJmYjczMC1lY2FhLTExZTYtOGY4OC0zNDM2M2JjN2M0YzAiOnsiZGVsZXRlIjo2MDAwMDAwMDAwMDB9fQ==",
          "dependencies": [
            "openstack_networking_secgroup_v2.k8s"
          ]
        }
      ]
    },
    {
      "mode": "managed",
      "type": "openstack_networking_secgroup_v2",
      "name": "k8s",
      "provider": "provider[\"registry.terraform.io/terraform-provider-openstack/openstack\"]",
      "instances": [
        {
          "schema_version": 0,
          "attributes": {
            "all_tags": [],
            "delete_default_rules": null,
            "description": "Security group for Kubernetes cluster nodes",
            "id": "1a3649ab-3674-49ba-8016-5fb273087f77",
            "name": "k8s-sg",
            "region": "microstack",
            "tags": [],
            "tenant_id": "f5dd211592d1436fb7e0a9fe58e5c8e4",
            "timeouts": null
          },
          "sensitive_attributes": [],
          "private": "eyJlMmJmYjczMC1lY2FhLTExZTYtOGY4OC0zNDM2M2JjN2M0YzAiOnsiZGVsZXRlIjo2MDAwMDAwMDAwMDB9fQ=="
        }
      ]
    },
    {
      "mode": "managed",
      "type": "openstack_networking_subnet_v2",
      "name": "k8s",
      "provider": "provider[\"registry.terraform.io/terraform-provider-openstack/openstack\"]",
      "instances": [
        {
          "schema_version": 0,
          "attributes": {
            "all_tags": [],
            "allocation_pool": [
              {
                "end": "192.168.100.200",
                "start": "192.168.100.10"
              }
            ],
            "allocation_pools": [
              {
                "end": "192.168.100.200",
                "start": "192.168.100.10"
              }
            ],
            "cidr": "192.168.100.0/24",
            "description": "",
            "dns_nameservers": [
              "8.8.8.8",
              "8.8.4.4"
            ],
            "enable_dhcp": true,
            "gateway_ip": "192.168.100.1",
            "host_routes": [],
            "id": "e54371e0-0d5e-4624-a4d7-7c3a66c1f54a",
            "ip_version": 4,
            "ipv6_address_mode": "",
            "ipv6_ra_mode": "",
            "name": "k8s-subnet",
            "network_id": "616029ab-b343-45c5-8232-e6815dff99f6",
            "no_gateway": false,
            "prefix_length": null,
            "region": "microstack",
            "service_types": [],
            "subnetpool_id": "",
            "tags": [],
            "tenant_id": "f5dd211592d1436fb7e0a9fe58e5c8e4",
            "timeouts": null,
            "value_specs": null
          },
          "sensitive_attributes": [],
          "private": "eyJlMmJmYjczMC1lY2FhLTExZTYtOGY4OC0zNDM2M2JjN2M0YzAiOnsiY3JlYXRlIjo2MDAwMDAwMDAwMDAsImRlbGV0ZSI6NjAwMDAwMDAwMDAwfX0=",
          "dependencies": [
            "openstack_networking_network_v2.k8s"
          ]
        }
      ]
    }
  ],
  "check_results": null
}
